     1|// !$*UTF8*$!
     2|{
     3|	archiveVersion = 1;
     4|	classes = {
     5|	};
     6|	objectVersion = 54;
     7|	objects = {
     8|
     9|/* Begin PBXAggregateTarget section */
    10|		33CC111A2044C6BA0003C045 /* Flutter Assemble */ = {
    11|			isa = PBXAggregateTarget;
    12|			buildConfigurationList = 33CC111B2044C6BA0003C045 /* Build configuration list for PBXAggregateTarget "Flutter Assemble" */;
    13|			buildPhases = (
    14|				33CC111E2044C6BF0003C045 /* ShellScript */,
    15|			);
    16|			dependencies = (
    17|			);
    18|			name = "Flutter Assemble";
    19|			productName = FLX;
    20|		};
    21|/* End PBXAggregateTarget section */
    22|
    23|/* Begin PBXBuildFile section */
    24|		160C984A2A81965145285278 /* Pods_Runner.framework in Frameworks */ = {isa = PBXBuildFile; fileRef = A4D07CE8C8BA6C514AFC44D8 /* Pods_Runner.framework */; };
    25|		331C80D8294CF71000263BE5 /* RunnerTests.swift in Sources */ = {isa = PBXBuildFile; fileRef = 331C80D7294CF71000263BE5 /* RunnerTests.swift */; };
    26|		335BBD1B22A9A15E00E9071D /* GeneratedPluginRegistrant.swift in Sources */ = {isa = PBXBuildFile; fileRef = 335BBD1A22A9A15E00E9071D /* GeneratedPluginRegistrant.swift */; };
    27|		33CC10F12044A3C60003C045 /* AppDelegate.swift in Sources */ = {isa = PBXBuildFile; fileRef = 33CC10F02044A3C60003C045 /* AppDelegate.swift */; };
    28|		33CC10F32044A3C60003C045 /* Assets.xcassets in Resources */ = {isa = PBXBuildFile; fileRef = 33CC10F22044A3C60003C045 /* Assets.xcassets */; };
    29|		33CC10F62044A3C60003C045 /* MainMenu.xib in Resources */ = {isa = PBXBuildFile; fileRef = 33CC10F42044A3C60003C045 /* MainMenu.xib */; };
    30|		33CC11132044BFA00003C045 /* MainFlutterWindow.swift in Sources */ = {isa = PBXBuildFile; fileRef = 33CC11122044BFA00003C045 /* MainFlutterWindow.swift */; };
    31|		350158745CD9D90F79BCEDE8 /* Pods_RunnerTests.framework in Frameworks */ = {isa = PBXBuildFile; fileRef = 5B1767705399FA2165A3B505 /* Pods_RunnerTests.framework */; };
    32|/* End PBXBuildFile section */
    33|
    34|/* Begin PBXContainerItemProxy section */
    35|		331C80D9294CF71000263BE5 /* PBXContainerItemProxy */ = {
    36|			isa = PBXContainerItemProxy;
    37|			containerPortal = 33CC10E52044A3C60003C045 /* Project object */;
    38|			proxyType = 1;
    39|			remoteGlobalIDString = 33CC10EC2044A3C60003C045;
    40|			remoteInfo = Runner;
    41|		};
    42|		33CC111F2044C79F0003C045 /* PBXContainerItemProxy */ = {
    43|			isa = PBXContainerItemProxy;
    44|			containerPortal = 33CC10E52044A3C60003C045 /* Project object */;
    45|			proxyType = 1;
    46|			remoteGlobalIDString = 33CC111A2044C6BA0003C045;
    47|			remoteInfo = FLX;
    48|		};
    49|/* End PBXContainerItemProxy section */
    50|
    51|/* Begin PBXCopyFilesBuildPhase section */
    52|		33CC110E2044A8840003C045 /* Bundle Framework */ = {
    53|			isa = PBXCopyFilesBuildPhase;
    54|			buildActionMask = 2147483647;
    55|			dstPath = "";
    56|			dstSubfolderSpec = 10;
    57|			files = (
    58|			);
    59|			name = "Bundle Framework";
    60|			runOnlyForDeploymentPostprocessing = 0;
    61|		};
    62|/* End PBXCopyFilesBuildPhase section */
    63|
    64|/* Begin PBXFileReference section */
    65|		331C80D5294CF71000263BE5 /* RunnerTests.xctest */ = {isa = PBXFileReference; explicitFileType = wrapper.cfbundle; includeInIndex = 0; path = RunnerTests.xctest; sourceTree = BUILT_PRODUCTS_DIR; };
    66|		331C80D7294CF71000263BE5 /* RunnerTests.swift */ = {isa = PBXFileReference; lastKnownFileType = sourcecode.swift; path = RunnerTests.swift; sourceTree = "<group>"; };
    67|		333000ED22D3DE5D00554162 /* Warnings.xcconfig */ = {isa = PBXFileReference; lastKnownFileType = text.xcconfig; path = Warnings.xcconfig; sourceTree = "<group>"; };
    68|		335BBD1A22A9A15E00E9071D /* GeneratedPluginRegistrant.swift */ = {isa = PBXFileReference; fileEncoding = 4; lastKnownFileType = sourcecode.swift; path = GeneratedPluginRegistrant.swift; sourceTree = "<group>"; };
    69|		33CC10ED2044A3C60003C045 /* flux.app */ = {isa = PBXFileReference; explicitFileType = wrapper.application; includeInIndex = 0; path = flux.app; sourceTree = BUILT_PRODUCTS_DIR; };
    70|		33CC10F02044A3C60003C045 /* AppDelegate.swift */ = {isa = PBXFileReference; lastKnownFileType = sourcecode.swift; path = AppDelegate.swift; sourceTree = "<group>"; };
    71|		33CC10F22044A3C60003C045 /* Assets.xcassets */ = {isa = PBXFileReference; lastKnownFileType = folder.assetcatalog; name = Assets.xcassets; path = Runner/Assets.xcassets; sourceTree = "<group>"; };
    72|		33CC10F52044A3C60003C045 /* Base */ = {isa = PBXFileReference; lastKnownFileType = file.xib; name = Base; path = Base.lproj/MainMenu.xib; sourceTree = "<group>"; };
    73|		33CC10F72044A3C60003C045 /* Info.plist */ = {isa = PBXFileReference; lastKnownFileType = text.plist.xml; name = Info.plist; path = Runner/Info.plist; sourceTree = "<group>"; };
    74|		33CC11122044BFA00003C045 /* MainFlutterWindow.swift */ = {isa = PBXFileReference; lastKnownFileType = sourcecode.swift; path = MainFlutterWindow.swift; sourceTree = "<group>"; };
    75|		33CEB47222A05771004F2AC0 /* Flutter-Debug.xcconfig */ = {isa = PBXFileReference; lastKnownFileType = text.xcconfig; path = "Flutter-Debug.xcconfig"; sourceTree = "<group>"; };
    76|		33CEB47422A05771004F2AC0 /* Flutter-Release.xcconfig */ = {isa = PBXFileReference; lastKnownFileType = text.xcconfig; path = "Flutter-Release.xcconfig"; sourceTree = "<group>"; };
    77|		33CEB47722A0578A004F2AC0 /* Flutter-Generated.xcconfig */ = {isa = PBXFileReference; lastKnownFileType = text.xcconfig; name = "Flutter-Generated.xcconfig"; path = "ephemeral/Flutter-Generated.xcconfig"; sourceTree = "<group>"; };
    78|		33E51913231747F40026EE4D /* DebugProfile.entitlements */ = {isa = PBXFileReference; lastKnownFileType = text.plist.entitlements; path = DebugProfile.entitlements; sourceTree = "<group>"; };
    79|		33E51914231749380026EE4D /* Release.entitlements */ = {isa = PBXFileReference; fileEncoding = 4; lastKnownFileType = text.plist.entitlements; path = Release.entitlements; sourceTree = "<group>"; };
    80|		33E5194F232828860026EE4D /* AppInfo.xcconfig */ = {isa = PBXFileReference; lastKnownFileType = text.xcconfig; path = AppInfo.xcconfig; sourceTree = "<group>"; };
    81|		56F102ADC503AE259520A21A /* Pods-RunnerTests.debug.xcconfig */ = {isa = PBXFileReference; includeInIndex = 1; lastKnownFileType = text.xcconfig; name = "Pods-RunnerTests.debug.xcconfig"; path = "Target Support Files/Pods-RunnerTests/Pods-RunnerTests.debug.xcconfig"; sourceTree = "<group>"; };
    82|		5B1767705399FA2165A3B505 /* Pods_RunnerTests.framework */ = {isa = PBXFileReference; explicitFileType = wrapper.framework; includeInIndex = 0; path = Pods_RunnerTests.framework; sourceTree = BUILT_PRODUCTS_DIR; };
    83|		5FE0A8C27B8FB3342C476065 /* Pods-RunnerTests.profile.xcconfig */ = {isa = PBXFileReference; includeInIndex = 1; lastKnownFileType = text.xcconfig; name = "Pods-RunnerTests.profile.xcconfig"; path = "Target Support Files/Pods-RunnerTests/Pods-RunnerTests.profile.xcconfig"; sourceTree = "<group>"; };
    84|		7AFA3C8E1D35360C0083082E /* Release.xcconfig */ = {isa = PBXFileReference; lastKnownFileType = text.xcconfig; path = Release.xcconfig; sourceTree = "<group>"; };
    85|		9740EEB21CF90195004384FC /* Debug.xcconfig */ = {isa = PBXFileReference; fileEncoding = 4; lastKnownFileType = text.xcconfig; path = Debug.xcconfig; sourceTree = "<group>"; };
    86|		9BB52BD39E54E38CDF71F9FB /* Pods-Runner.release.xcconfig */ = {isa = PBXFileReference; includeInIndex = 1; lastKnownFileType = text.xcconfig; name = "Pods-Runner.release.xcconfig"; path = "Target Support Files/Pods-Runner/Pods-Runner.release.xcconfig"; sourceTree = "<group>"; };
    87|		A4D07CE8C8BA6C514AFC44D8 /* Pods_Runner.framework */ = {isa = PBXFileReference; explicitFileType = wrapper.framework; includeInIndex = 0; path = Pods_Runner.framework; sourceTree = BUILT_PRODUCTS_DIR; };
    88|		C97E428E824E5BC7687F0438 /* Pods-Runner.profile.xcconfig */ = {isa = PBXFileReference; includeInIndex = 1; lastKnownFileType = text.xcconfig; name = "Pods-Runner.profile.xcconfig"; path = "Target Support Files/Pods-Runner/Pods-Runner.profile.xcconfig"; sourceTree = "<group>"; };
    89|		E4F28F3131F8ED84553A4902 /* Pods-RunnerTests.release.xcconfig */ = {isa = PBXFileReference; includeInIndex = 1; lastKnownFileType = text.xcconfig; name = "Pods-RunnerTests.release.xcconfig"; path = "Target Support Files/Pods-RunnerTests/Pods-RunnerTests.release.xcconfig"; sourceTree = "<group>"; };
    90|		ED2BDBFC180E99EBDF79F99C /* Pods-Runner.debug.xcconfig */ = {isa = PBXFileReference; includeInIndex = 1; lastKnownFileType = text.xcconfig; name = "Pods-Runner.debug.xcconfig"; path = "Target Support Files/Pods-Runner/Pods-Runner.debug.xcconfig"; sourceTree = "<group>"; };
    91|/* End PBXFileReference section */
    92|
    93|/* Begin PBXFrameworksBuildPhase section */
    94|		331C80D2294CF70F00263BE5 /* Frameworks */ = {
    95|			isa = PBXFrameworksBuildPhase;
    96|			buildActionMask = 2147483647;
    97|			files = (
    98|				350158745CD9D90F79BCEDE8 /* Pods_RunnerTests.framework in Frameworks */,
    99|			);
   100|			runOnlyForDeploymentPostprocessing = 0;
   101|		};
   102|		33CC10EA2044A3C60003C045 /* Frameworks */ = {
   103|			isa = PBXFrameworksBuildPhase;
   104|			buildActionMask = 2147483647;
   105|			files = (
   106|				160C984A2A81965145285278 /* Pods_Runner.framework in Frameworks */,
   107|			);
   108|			runOnlyForDeploymentPostprocessing = 0;
   109|		};
   110|/* End PBXFrameworksBuildPhase section */
   111|
   112|/* Begin PBXGroup section */
   113|		331C80D6294CF71000263BE5 /* RunnerTests */ = {
   114|			isa = PBXGroup;
   115|			children = (
   116|				331C80D7294CF71000263BE5 /* RunnerTests.swift */,
   117|			);
   118|			path = RunnerTests;
   119|			sourceTree = "<group>";
   120|		};
   121|		33BA886A226E78AF003329D5 /* Configs */ = {
   122|			isa = PBXGroup;
   123|			children = (
   124|				33E5194F232828860026EE4D /* AppInfo.xcconfig */,
   125|				9740EEB21CF90195004384FC /* Debug.xcconfig */,
   126|				7AFA3C8E1D35360C0083082E /* Release.xcconfig */,
   127|				333000ED22D3DE5D00554162 /* Warnings.xcconfig */,
   128|			);
   129|			path = Configs;
   130|			sourceTree = "<group>";
   131|		};
   132|		33CC10E42044A3C60003C045 = {
   133|			isa = PBXGroup;
   134|			children = (
   135|				33FAB671232836740065AC1E /* Runner */,
   136|				33CEB47122A05771004F2AC0 /* Flutter */,
   137|				331C80D6294CF71000263BE5 /* RunnerTests */,
   138|				33CC10EE2044A3C60003C045 /* Products */,
   139|				D73912EC22F37F3D000D13A0 /* Frameworks */,
   140|				B237F9E813899D395A96FD43 /* Pods */,
   141|			);
   142|			sourceTree = "<group>";
   143|		};
   144|		33CC10EE2044A3C60003C045 /* Products */ = {
   145|			isa = PBXGroup;
   146|			children = (
   147|				33CC10ED2044A3C60003C045 /* flux.app */,
   148|				331C80D5294CF71000263BE5 /* RunnerTests.xctest */,
   149|			);
   150|			name = Products;
   151|			sourceTree = "<group>";
   152|		};
   153|		33CC11242044D66E0003C045 /* Resources */ = {
   154|			isa = PBXGroup;
   155|			children = (
   156|				33CC10F22044A3C60003C045 /* Assets.xcassets */,
   157|				33CC10F42044A3C60003C045 /* MainMenu.xib */,
   158|				33CC10F72044A3C60003C045 /* Info.plist */,
   159|			);
   160|			name = Resources;
   161|			path = ..;
   162|			sourceTree = "<group>";
   163|		};
   164|		33CEB47122A05771004F2AC0 /* Flutter */ = {
   165|			isa = PBXGroup;
   166|			children = (
   167|				335BBD1A22A9A15E00E9071D /* GeneratedPluginRegistrant.swift */,
   168|				33CEB47222A05771004F2AC0 /* Flutter-Debug.xcconfig */,
   169|				33CEB47422A05771004F2AC0 /* Flutter-Release.xcconfig */,
   170|				33CEB47722A0578A004F2AC0 /* Flutter-Generated.xcconfig */,
   171|			);
   172|			path = Flutter;
   173|			sourceTree = "<group>";
   174|		};
   175|		33FAB671232836740065AC1E /* Runner */ = {
   176|			isa = PBXGroup;
   177|			children = (
   178|				33CC10F02044A3C60003C045 /* AppDelegate.swift */,
   179|				33CC11122044BFA00003C045 /* MainFlutterWindow.swift */,
   180|				33E51913231747F40026EE4D /* DebugProfile.entitlements */,
   181|				33E51914231749380026EE4D /* Release.entitlements */,
   182|				33CC11242044D66E0003C045 /* Resources */,
   183|				33BA886A226E78AF003329D5 /* Configs */,
   184|			);
   185|			path = Runner;
   186|			sourceTree = "<group>";
   187|		};
   188|		B237F9E813899D395A96FD43 /* Pods */ = {
   189|			isa = PBXGroup;
   190|			children = (
   191|				ED2BDBFC180E99EBDF79F99C /* Pods-Runner.debug.xcconfig */,
   192|				9BB52BD39E54E38CDF71F9FB /* Pods-Runner.release.xcconfig */,
   193|				C97E428E824E5BC7687F0438 /* Pods-Runner.profile.xcconfig */,
   194|				56F102ADC503AE259520A21A /* Pods-RunnerTests.debug.xcconfig */,
   195|				E4F28F3131F8ED84553A4902 /* Pods-RunnerTests.release.xcconfig */,
   196|				5FE0A8C27B8FB3342C476065 /* Pods-RunnerTests.profile.xcconfig */,
   197|			);
   198|			name = Pods;
   199|			path = Pods;
   200|			sourceTree = "<group>";
   201|		};
   202|		D73912EC22F37F3D000D13A0 /* Frameworks */ = {
   203|			isa = PBXGroup;
   204|			children = (
   205|				A4D07CE8C8BA6C514AFC44D8 /* Pods_Runner.framework */,
   206|				5B1767705399FA2165A3B505 /* Pods_RunnerTests.framework */,
   207|			);
   208|			name = Frameworks;
   209|			sourceTree = "<group>";
   210|		};
   211|/* End PBXGroup section */
   212|
   213|/* Begin PBXNativeTarget section */
   214|		331C80D4294CF70F00263BE5 /* RunnerTests */ = {
   215|			isa = PBXNativeTarget;
   216|			buildConfigurationList = 331C80DE294CF71000263BE5 /* Build configuration list for PBXNativeTarget "RunnerTests" */;
   217|			buildPhases = (
   218|				8B26FE39D9E39238EB1B24E6 /* [CP] Check Pods Manifest.lock */,
   219|				331C80D1294CF70F00263BE5 /* Sources */,
   220|				331C80D2294CF70F00263BE5 /* Frameworks */,
   221|				331C80D3294CF70F00263BE5 /* Resources */,
   222|			);
   223|			buildRules = (
   224|			);
   225|			dependencies = (
   226|				331C80DA294CF71000263BE5 /* PBXTargetDependency */,
   227|			);
   228|			name = RunnerTests;
   229|			productName = RunnerTests;
   230|			productReference = 331C80D5294CF71000263BE5 /* RunnerTests.xctest */;
   231|			productType = "com.apple.product-type.bundle.unit-test";
   232|		};
   233|		33CC10EC2044A3C60003C045 /* Runner */ = {
   234|			isa = PBXNativeTarget;
   235|			buildConfigurationList = 33CC10FB2044A3C60003C045 /* Build configuration list for PBXNativeTarget "Runner" */;
   236|			buildPhases = (
   237|				5631B1A0E77C43B71A9D394B /* [CP] Check Pods Manifest.lock */,
   238|				33CC10E92044A3C60003C045 /* Sources */,
   239|				33CC10EA2044A3C60003C045 /* Frameworks */,
   240|				33CC10EB2044A3C60003C045 /* Resources */,
   241|				33CC110E2044A8840003C045 /* Bundle Framework */,
   242|				3399D490228B24CF009A79C7 /* ShellScript */,
   243|				F6A7559ED059B45207B90C5A /* [CP] Embed Pods Frameworks */,
   244|			);
   245|			buildRules = (
   246|			);
   247|			dependencies = (
   248|				33CC11202044C79F0003C045 /* PBXTargetDependency */,
   249|			);
   250|			name = Runner;
   251|			productName = Runner;
   252|			productReference = 33CC10ED2044A3C60003C045 /* flux.app */;
   253|			productType = "com.apple.product-type.application";
   254|		};
   255|/* End PBXNativeTarget section */
   256|
   257|/* Begin PBXProject section */
   258|		33CC10E52044A3C60003C045 /* Project object */ = {
   259|			isa = PBXProject;
   260|			attributes = {
   261|				BuildIndependentTargetsInParallel = YES;
   262|				LastSwiftUpdateCheck = 0920;
   263|				LastUpgradeCheck = 1510;
   264|				ORGANIZATIONNAME = "";
   265|				TargetAttributes = {
   266|					331C80D4294CF70F00263BE5 = {
   267|						CreatedOnToolsVersion = 14.0;
   268|						TestTargetID = 33CC10EC2044A3C60003C045;
   269|					};
   270|					33CC10EC2044A3C60003C045 = {
   271|						CreatedOnToolsVersion = 9.2;
   272|						LastSwiftMigration = 1100;
   273|						ProvisioningStyle = Automatic;
   274|						SystemCapabilities = {
   275|							com.apple.Sandbox = {
   276|								enabled = 1;
   277|							};
   278|						};
   279|					};
   280|					33CC111A2044C6BA0003C045 = {
   281|						CreatedOnToolsVersion = 9.2;
   282|						ProvisioningStyle = Manual;
   283|					};
   284|				};
   285|			};
   286|			buildConfigurationList = 33CC10E82044A3C60003C045 /* Build configuration list for PBXProject "Runner" */;
   287|			compatibilityVersion = "Xcode 9.3";
   288|			developmentRegion = en;
   289|			hasScannedForEncodings = 0;
   290|			knownRegions = (
   291|				en,
   292|				Base,
   293|			);
   294|			mainGroup = 33CC10E42044A3C60003C045;
   295|			productRefGroup = 33CC10EE2044A3C60003C045 /* Products */;
   296|			projectDirPath = "";
   297|			projectRoot = "";
   298|			targets = (
   299|				33CC10EC2044A3C60003C045 /* Runner */,
   300|				331C80D4294CF70F00263BE5 /* RunnerTests */,
   301|				33CC111A2044C6BA0003C045 /* Flutter Assemble */,
   302|			);
   303|		};
   304|/* End PBXProject section */
   305|
   306|/* Begin PBXResourcesBuildPhase section */
   307|		331C80D3294CF70F00263BE5 /* Resources */ = {
   308|			isa = PBXResourcesBuildPhase;
   309|			buildActionMask = 2147483647;
   310|			files = (
   311|			);
   312|			runOnlyForDeploymentPostprocessing = 0;
   313|		};
   314|		33CC10EB2044A3C60003C045 /* Resources */ = {
   315|			isa = PBXResourcesBuildPhase;
   316|			buildActionMask = 2147483647;
   317|			files = (
   318|				33CC10F32044A3C60003C045 /* Assets.xcassets in Resources */,
   319|				33CC10F62044A3C60003C045 /* MainMenu.xib in Resources */,
   320|			);
   321|			runOnlyForDeploymentPostprocessing = 0;
   322|		};
   323|/* End PBXResourcesBuildPhase section */
   324|
   325|/* Begin PBXShellScriptBuildPhase section */
   326|		3399D490228B24CF009A79C7 /* ShellScript */ = {
   327|			isa = PBXShellScriptBuildPhase;
   328|			alwaysOutOfDate = 1;
   329|			buildActionMask = 2147483647;
   330|			files = (
   331|			);
   332|			inputFileListPaths = (
   333|			);
   334|			inputPaths = (
   335|			);
   336|			outputFileListPaths = (
   337|			);
   338|			outputPaths = (
   339|			);
   340|			runOnlyForDeploymentPostprocessing = 0;
   341|			shellPath = /bin/sh;
   342|			shellScript = "echo \"$PRODUCT_NAME.app\" > \"$PROJECT_DIR\"/Flutter/ephemeral/.app_filename && \"$FLUTTER_ROOT\"/packages/flutter_tools/bin/macos_assemble.sh embed\n";
   343|		};
   344|		33CC111E2044C6BF0003C045 /* ShellScript */ = {
   345|			isa = PBXShellScriptBuildPhase;
   346|			buildActionMask = 2147483647;
   347|			files = (
   348|			);
   349|			inputFileListPaths = (
   350|				Flutter/ephemeral/FlutterInputs.xcfilelist,
   351|			);
   352|			inputPaths = (
   353|				Flutter/ephemeral/tripwire,
   354|			);
   355|			outputFileListPaths = (
   356|				Flutter/ephemeral/FlutterOutputs.xcfilelist,
   357|			);
   358|			outputPaths = (
   359|			);
   360|			runOnlyForDeploymentPostprocessing = 0;
   361|			shellPath = /bin/sh;
   362|			shellScript = "\"$FLUTTER_ROOT\"/packages/flutter_tools/bin/macos_assemble.sh && touch Flutter/ephemeral/tripwire";
   363|		};
   364|		5631B1A0E77C43B71A9D394B /* [CP] Check Pods Manifest.lock */ = {
   365|			isa = PBXShellScriptBuildPhase;
   366|			buildActionMask = 2147483647;
   367|			files = (
   368|			);
   369|			inputFileListPaths = (
   370|			);
   371|			inputPaths = (
   372|				"${PODS_PODFILE_DIR_PATH}/Podfile.lock",
   373|				"${PODS_ROOT}/Manifest.lock",
   374|			);
   375|			name = "[CP] Check Pods Manifest.lock";
   376|			outputFileListPaths = (
   377|			);
   378|			outputPaths = (
   379|				"$(DERIVED_FILE_DIR)/Pods-Runner-checkManifestLockResult.txt",
   380|			);
   381|			runOnlyForDeploymentPostprocessing = 0;
   382|			shellPath = /bin/sh;
   383|			shellScript = "diff \"${PODS_PODFILE_DIR_PATH}/Podfile.lock\" \"${PODS_ROOT}/Manifest.lock\" > /dev/null\nif [ $? != 0 ] ; then\n    # print error to STDERR\n    echo \"error: The sandbox is not in sync with the Podfile.lock. Run 'pod install' or update your CocoaPods installation.\" >&2\n    exit 1\nfi\n# This output is used by Xcode 'outputs' to avoid re-running this script phase.\necho \"SUCCESS\" > \"${SCRIPT_OUTPUT_FILE_0}\"\n";
   384|			showEnvVarsInLog = 0;
   385|		};
   386|		8B26FE39D9E39238EB1B24E6 /* [CP] Check Pods Manifest.lock */ = {
   387|			isa = PBXShellScriptBuildPhase;
   388|			buildActionMask = 2147483647;
   389|			files = (
   390|			);
   391|			inputFileListPaths = (
   392|			);
   393|			inputPaths = (
   394|				"${PODS_PODFILE_DIR_PATH}/Podfile.lock",
   395|				"${PODS_ROOT}/Manifest.lock",
   396|			);
   397|			name = "[CP] Check Pods Manifest.lock";
   398|			outputFileListPaths = (
   399|			);
   400|			outputPaths = (
   401|				"$(DERIVED_FILE_DIR)/Pods-RunnerTests-checkManifestLockResult.txt",
   402|			);
   403|			runOnlyForDeploymentPostprocessing = 0;
   404|			shellPath = /bin/sh;
   405|			shellScript = "diff \"${PODS_PODFILE_DIR_PATH}/Podfile.lock\" \"${PODS_ROOT}/Manifest.lock\" > /dev/null\nif [ $? != 0 ] ; then\n    # print error to STDERR\n    echo \"error: The sandbox is not in sync with the Podfile.lock. Run 'pod install' or update your CocoaPods installation.\" >&2\n    exit 1\nfi\n# This output is used by Xcode 'outputs' to avoid re-running this script phase.\necho \"SUCCESS\" > \"${SCRIPT_OUTPUT_FILE_0}\"\n";
   406|			showEnvVarsInLog = 0;
   407|		};
   408|		F6A7559ED059B45207B90C5A /* [CP] Embed Pods Frameworks */ = {
   409|			isa = PBXShellScriptBuildPhase;
   410|			buildActionMask = 2147483647;
   411|			files = (
   412|			);
   413|			inputFileListPaths = (
   414|				"${PODS_ROOT}/Target Support Files/Pods-Runner/Pods-Runner-frameworks-${CONFIGURATION}-input-files.xcfilelist",
   415|			);
   416|			name = "[CP] Embed Pods Frameworks";
   417|			outputFileListPaths = (
   418|				"${PODS_ROOT}/Target Support Files/Pods-Runner/Pods-Runner-frameworks-${CONFIGURATION}-output-files.xcfilelist",
   419|			);
   420|			runOnlyForDeploymentPostprocessing = 0;
   421|			shellPath = /bin/sh;
   422|			shellScript = "\"${PODS_ROOT}/Target Support Files/Pods-Runner/Pods-Runner-frameworks.sh\"\n";
   423|			showEnvVarsInLog = 0;
   424|		};
   425|/* End PBXShellScriptBuildPhase section */
   426|
   427|/* Begin PBXSourcesBuildPhase section */
   428|		331C80D1294CF70F00263BE5 /* Sources */ = {
   429|			isa = PBXSourcesBuildPhase;
   430|			buildActionMask = 2147483647;
   431|			files = (
   432|				331C80D8294CF71000263BE5 /* RunnerTests.swift in Sources */,
   433|			);
   434|			runOnlyForDeploymentPostprocessing = 0;
   435|		};
   436|		33CC10E92044A3C60003C045 /* Sources */ = {
   437|			isa = PBXSourcesBuildPhase;
   438|			buildActionMask = 2147483647;
   439|			files = (
   440|				33CC11132044BFA00003C045 /* MainFlutterWindow.swift in Sources */,
   441|				33CC10F12044A3C60003C045 /* AppDelegate.swift in Sources */,
   442|				335BBD1B22A9A15E00E9071D /* GeneratedPluginRegistrant.swift in Sources */,
   443|			);
   444|			runOnlyForDeploymentPostprocessing = 0;
   445|		};
   446|/* End PBXSourcesBuildPhase section */
   447|
   448|/* Begin PBXTargetDependency section */
   449|		331C80DA294CF71000263BE5 /* PBXTargetDependency */ = {
   450|			isa = PBXTargetDependency;
   451|			target = 33CC10EC2044A3C60003C045 /* Runner */;
   452|			targetProxy = 331C80D9294CF71000263BE5 /* PBXContainerItemProxy */;
   453|		};
   454|		33CC11202044C79F0003C045 /* PBXTargetDependency */ = {
   455|			isa = PBXTargetDependency;
   456|			target = 33CC111A2044C6BA0003C045 /* Flutter Assemble */;
   457|			targetProxy = 33CC111F2044C79F0003C045 /* PBXContainerItemProxy */;
   458|		};
   459|/* End PBXTargetDependency section */
   460|
   461|/* Begin PBXVariantGroup section */
   462|		33CC10F42044A3C60003C045 /* MainMenu.xib */ = {
   463|			isa = PBXVariantGroup;
   464|			children = (
   465|				33CC10F52044A3C60003C045 /* Base */,
   466|			);
   467|			name = MainMenu.xib;
   468|			path = Runner;
   469|			sourceTree = "<group>";
   470|		};
   471|/* End PBXVariantGroup section */
   472|
   473|/* Begin XCBuildConfiguration section */
   474|		331C80DB294CF71000263BE5 /* Debug */ = {
   475|			isa = XCBuildConfiguration;
   476|			baseConfigurationReference = 56F102ADC503AE259520A21A /* Pods-RunnerTests.debug.xcconfig */;
   477|			buildSettings = {
   478|				BUNDLE_LOADER = "$(TEST_HOST)";
   479|				CURRENT_PROJECT_VERSION = 1;
   480|				GENERATE_INFOPLIST_FILE = YES;
   481|				MARKETING_VERSION = 1.0;
   482|				PRODUCT_BUNDLE_IDENTIFIER = com.finn.flux.RunnerTests;
   483|				PRODUCT_NAME = "$(TARGET_NAME)";
   484|				SWIFT_VERSION = 5.0;
   485|				TEST_HOST = "$(BUILT_PRODUCTS_DIR)/flux.app/$(BUNDLE_EXECUTABLE_FOLDER_PATH)/flux";
   486|			};
   487|			name = Debug;
   488|		};
   489|		331C80DC294CF71000263BE5 /* Release */ = {
   490|			isa = XCBuildConfiguration;
   491|			baseConfigurationReference = E4F28F3131F8ED84553A4902 /* Pods-RunnerTests.release.xcconfig */;
   492|			buildSettings = {
   493|				BUNDLE_LOADER = "$(TEST_HOST)";
   494|				CURRENT_PROJECT_VERSION = 1;
   495|				GENERATE_INFOPLIST_FILE = YES;
   496|				MARKETING_VERSION = 1.0;
   497|				PRODUCT_BUNDLE_IDENTIFIER = com.finn.flux.RunnerTests;
   498|				PRODUCT_NAME = "$(TARGET_NAME)";
   499|				SWIFT_VERSION = 5.0;
   500|				TEST_HOST = "$(BUILT_PRODUCTS_DIR)/flux.app/$(BUNDLE_EXECUTABLE_FOLDER_PATH)/flux";
   501|